// !$*UTF8*$!
{
	archiveVersion = 1;
	classes = {
	};
	objectVersion = 46;
	objects = {

/* Begin PBXBuildFile section */
		172D0E5D1C36C268008C6682 /* AppDelegate.swift in Sources */ = {isa = PBXBuildFile; fileRef = 172D0E5C1C36C268008C6682 /* AppDelegate.swift */; };
		172D0E641C36C268008C6682 /* Main.storyboard in Resources */ = {isa = PBXBuildFile; fileRef = 172D0E621C36C268008C6682 /* Main.storyboard */; };
		172D0E661C36C268008C6682 /* Assets.xcassets in Resources */ = {isa = PBXBuildFile; fileRef = 172D0E651C36C268008C6682 /* Assets.xcassets */; };
		172D0E691C36C268008C6682 /* LaunchScreen.storyboard in Resources */ = {isa = PBXBuildFile; fileRef = 172D0E671C36C268008C6682 /* LaunchScreen.storyboard */; };
		172D0E741C36C268008C6682 /* LinkinusaTravelTests.swift in Sources */ = {isa = PBXBuildFile; fileRef = 172D0E731C36C268008C6682 /* LinkinusaTravelTests.swift */; };
		172D0E7F1C36C268008C6682 /* LinkinusaTravelUITests.swift in Sources */ = {isa = PBXBuildFile; fileRef = 172D0E7E1C36C268008C6682 /* LinkinusaTravelUITests.swift */; };
		172D0E8F1C36CD5D008C6682 /* GroupTravelTableVC.swift in Sources */ = {isa = PBXBuildFile; fileRef = 172D0E8E1C36CD5D008C6682 /* GroupTravelTableVC.swift */; };
		172D0E911C36CD8E008C6682 /* CustomTravelTableVC.swift in Sources */ = {isa = PBXBuildFile; fileRef = 172D0E901C36CD8E008C6682 /* CustomTravelTableVC.swift */; };
		172D0E971C36DCFD008C6682 /* CustomTableViewCell.swift in Sources */ = {isa = PBXBuildFile; fileRef = 172D0E961C36DCFD008C6682 /* CustomTableViewCell.swift */; };
		172D0E991C36DDCE008C6682 /* 1.png in Resources */ = {isa = PBXBuildFile; fileRef = 172D0E981C36DDCE008C6682 /* 1.png */; };
/* End PBXBuildFile section */

/* Begin PBXContainerItemProxy section */
		172D0E701C36C268008C6682 /* PBXContainerItemProxy */ = {
			isa = PBXContainerItemProxy;
			containerPortal = 172D0E511C36C268008C6682 /* Project object */;
			proxyType = 1;
			remoteGlobalIDString = 172D0E581C36C268008C6682;
			remoteInfo = LinkinusaTravel;
		};
		172D0E7B1C36C268008C6682 /* PBXContainerItemProxy */ = {
			isa = PBXContainerItemProxy;
			containerPortal = 172D0E511C36C268008C6682 /* Project object */;
			proxyType = 1;
			remoteGlobalIDString = 172D0E581C36C268008C6682;
			remoteInfo = LinkinusaTravel;
		};
/* End PBXContainerItemProxy section */

/* Begin PBXFileReference section */
		172D0E591C36C268008C6682 /* LinkinusaTravel.app */ = {isa = PBXFileReference; explicitFileType = wrapper.application; includeInIndex = 0; path = LinkinusaTravel.app; sourceTree = BUILT_PRODUCTS_DIR; };
		172D0E5C1C36C268008C6682 /* AppDelegate.swift */ = {isa = PBXFileReference; lastKnownFileType = sourcecode.swift; path = AppDelegate.swift; sourceTree = "<group>"; };
		172D0E631C36C268008C6682 /* Base */ = {isa = PBXFileReference; lastKnownFileType = file.storyboard; name = Base; path = Base.lproj/Main.storyboard; sourceTree = "<group>"; };
		172D0E651C36C268008C6682 /* Assets.xcassets */ = {isa = PBXFileReference; lastKnownFileType = folder.assetcatalog; path = Assets.xcassets; sourceTree = "<group>"; };
		172D0E681C36C268008C6682 /* Base */ = {isa = PBXFileReference; lastKnownFileType = file.storyboard; name = Base; path = Base.lproj/LaunchScreen.storyboard; sourceTree = "<group>"; };
		172D0E6A1C36C268008C6682 /* Info.plist */ = {isa = PBXFileReference; lastKnownFileType = text.plist.xml; path = Info.plist; sourceTree = "<group>"; };
		172D0E6F1C36C268008C6682 /* LinkinusaTravelTests.xctest */ = {isa = PBXFileReference; explicitFileType = wrapper.cfbundle; includeInIndex = 0; path = LinkinusaTravelTests.xctest; sourceTree = BUILT_PRODUCTS_DIR; };
		172D0E731C36C268008C6682 /* LinkinusaTravelTests.swift */ = {isa = PBXFileReference; lastKnownFileType = sourcecode.swift; path = LinkinusaTravelTests.swift; sourceTree = "<group>"; };
		172D0E751C36C268008C6682 /* Info.plist */ = {isa = PBXFileReference; lastKnownFileType = text.plist.xml; path = Info.plist; sourceTree = "<group>"; };
		172D0E7A1C36C268008C6682 /* LinkinusaTravelUITests.xctest */ = {isa = PBXFileReference; explicitFileType = wrapper.cfbundle; includeInIndex = 0; path = LinkinusaTravelUITests.xctest; sourceTree = BUILT_PRODUCTS_DIR; };
		172D0E7E1C36C268008C6682 /* LinkinusaTravelUITests.swift */ = {isa = PBXFileReference; lastKnownFileType = sourcecode.swift; path = LinkinusaTravelUITests.swift; sourceTree = "<group>"; };
		172D0E801C36C268008C6682 /* Info.plist */ = {isa = PBXFileReference; lastKnownFileType = text.plist.xml; path = Info.plist; sourceTree = "<group>"; };
		172D0E8E1C36CD5D008C6682 /* GroupTravelTableVC.swift */ = {isa = PBXFileReference; fileEncoding = 4; lastKnownFileType = sourcecode.swift; path = GroupTravelTableVC.swift; sourceTree = "<group>"; };
		172D0E901C36CD8E008C6682 /* CustomTravelTableVC.swift */ = {isa = PBXFileReference; fileEncoding = 4; lastKnownFileType = sourcecode.swift; path = CustomTravelTableVC.swift; sourceTree = "<group>"; };
		172D0E961C36DCFD008C6682 /* CustomTableViewCell.swift */ = {isa = PBXFileReference; fileEncoding = 4; lastKnownFileType = sourcecode.swift; path = CustomTableViewCell.swift; sourceTree = "<group>"; };
		172D0E981C36DDCE008C6682 /* 1.png */ = {isa = PBXFileReference; lastKnownFileType = image.png; path = 1.png; sourceTree = "<group>"; };
/* End PBXFileReference section */

/* Begin PBXFrameworksBuildPhase section */
		172D0E561C36C268008C6682 /* Frameworks */ = {
			isa = PBXFrameworksBuildPhase;
			buildActionMask = 2147483647;
			files = (
			);
			runOnlyForDeploymentPostprocessing = 0;
		};
		172D0E6C1C36C268008C6682 /* Frameworks */ = {
			isa = PBXFrameworksBuildPhase;
			buildActionMask = 2147483647;
			files = (
			);
			runOnlyForDeploymentPostprocessing = 0;
		};
		172D0E771C36C268008C6682 /* Frameworks */ = {
			isa = PBXFrameworksBuildPhase;
			buildActionMask = 2147483647;
			files = (
			);
			runOnlyForDeploymentPostprocessing = 0;
		};
/* End PBXFrameworksBuildPhase section */

/* Begin PBXGroup section */
		172D0E501C36C268008C6682 = {
			isa = PBXGroup;
			children = (
				172D0E5B1C36C268008C6682 /* LinkinusaTravel */,
				172D0E721C36C268008C6682 /* LinkinusaTravelTests */,
				172D0E7D1C36C268008C6682 /* LinkinusaTravelUITests */,
				172D0E5A1C36C268008C6682 /* Products */,
			);
			sourceTree = "<group>";
		};
		172D0E5A1C36C268008C6682 /* Products */ = {
			isa = PBXGroup;
			children = (
				172D0E591C36C268008C6682 /* LinkinusaTravel.app */,
				172D0E6F1C36C268008C6682 /* LinkinusaTravelTests.xctest */,
				172D0E7A1C36C268008C6682 /* LinkinusaTravelUITests.xctest */,
			);
			name = Products;
			sourceTree = "<group>";
		};
		172D0E5B1C36C268008C6682 /* LinkinusaTravel */ = {
			isa = PBXGroup;
			children = (
				172D0E5C1C36C268008C6682 /* AppDelegate.swift */,
				172D0E8E1C36CD5D008C6682 /* GroupTravelTableVC.swift */,
				172D0E901C36CD8E008C6682 /* CustomTravelTableVC.swift */,
				172D0E621C36C268008C6682 /* Main.storyboard */,
				172D0E651C36C268008C6682 /* Assets.xcassets */,
				172D0E671C36C268008C6682 /* LaunchScreen.storyboard */,
				172D0E6A1C36C268008C6682 /* Info.plist */,
				172D0E961C36DCFD008C6682 /* CustomTableViewCell.swift */,
				172D0E981C36DDCE008C6682 /* 1.png */,
			);
			path = LinkinusaTravel;
			sourceTree = "<group>";
		};
		172D0E721C36C268008C6682 /* LinkinusaTravelTests */ = {
			isa = PBXGroup;
			children = (
				172D0E731C36C268008C6682 /* LinkinusaTravelTests.swift */,
				172D0E751C36C268008C6682 /* Info.plist */,
			);
			path = LinkinusaTravelTests;
			sourceTree = "<group>";
		};
		172D0E7D1C36C268008C6682 /* LinkinusaTravelUITests */ = {
			isa = PBXGroup;
			children = (
				172D0E7E1C36C268008C6682 /* LinkinusaTravelUITests.swift */,
				172D0E801C36C268008C6682 /* Info.plist */,
			);
			path = LinkinusaTravelUITests;
			sourceTree = "<group>";
		};
/* End PBXGroup section */

/* Begin PBXNativeTarget section */
		172D0E581C36C268008C6682 /* LinkinusaTravel */ = {
			isa = PBXNativeTarget;
			buildConfigurationList = 172D0E831C36C268008C6682 /* Build configuration list for PBXNativeTarget "LinkinusaTravel" */;
			buildPhases = (
				172D0E551C36C268008C6682 /* Sources */,
				172D0E561C36C268008C6682 /* Frameworks */,
				172D0E571C36C268008C6682 /* Resources */,
			);
			buildRules = (
			);
			dependencies = (
			);
			name = LinkinusaTravel;
			productName = LinkinusaTravel;
			productReference = 172D0E591C36C268008C6682 /* LinkinusaTravel.app */;
			productType = "com.apple.product-type.application";
		};
		172D0E6E1C36C268008C6682 /* LinkinusaTravelTests */ = {
			isa = PBXNativeTarget;
			buildConfigurationList = 172D0E861C36C268008C6682 /* Build configuration list for PBXNativeTarget "LinkinusaTravelTests" */;
			buildPhases = (
				172D0E6B1C36C268008C6682 /* Sources */,
				172D0E6C1C36C268008C6682 /* Frameworks */,
				172D0E6D1C36C268008C6682 /* Resources */,
			);
			buildRules = (
			);
			dependencies = (
				172D0E711C36C268008C6682 /* PBXTargetDependency */,
			);
			name = LinkinusaTravelTests;
			productName = LinkinusaTravelTests;
			productReference = 172D0E6F1C36C268008C6682 /* LinkinusaTravelTests.xctest */;
			productType = "com.apple.product-type.bundle.unit-test";
		};
		172D0E791C36C268008C6682 /* LinkinusaTravelUITests */ = {
			isa = PBXNativeTarget;
			buildConfigurationList = 172D0E891C36C268008C6682 /* Build configuration list for PBXNativeTarget "LinkinusaTravelUITests" */;
			buildPhases = (
				172D0E761C36C268008C6682 /* Sources */,
				172D0E771C36C268008C6682 /* Frameworks */,
				172D0E781C36C268008C6682 /* Resources */,
			);
			buildRules = (
			);
			dependencies = (
				172D0E7C1C36C268008C6682 /* PBXTargetDependency */,
			);
			name = LinkinusaTravelUITests;
			productName = LinkinusaTravelUITests;
			productReference = 172D0E7A1C36C268008C6682 /* LinkinusaTravelUITests.xctest */;
			productType = "com.apple.product-type.bundle.ui-testing";
		};
/* End PBXNativeTarget section */

/* Begin PBXProject section */
		172D0E511C36C268008C6682 /* Project object */ = {
			isa = PBXProject;
			attributes = {
				LastSwiftUpdateCheck = 0720;
				LastUpgradeCheck = 0720;
				ORGANIZATIONNAME = Rean;
				TargetAttributes = {
					172D0E581C36C268008C6682 = {
						CreatedOnToolsVersion = 7.2;
					};
					172D0E6E1C36C268008C6682 = {
						CreatedOnToolsVersion = 7.2;
						TestTargetID = 172D0E581C36C268008C6682;
					};
					172D0E791C36C268008C6682 = {
						CreatedOnToolsVersion = 7.2;
						TestTargetID = 172D0E581C36C268008C6682;
					};
				};
			};
			buildConfigurationList = 172D0E541C36C268008C6682 /* Build configuration list for PBXProject "LinkinusaTravel" */;
			compatibilityVersion = "Xcode 3.2";
			developmentRegion = English;
			hasScannedForEncodings = 0;
			knownRegions = (
				en,
				Base,
			);
			mainGroup = 172D0E501C36C268008C6682;
			productRefGroup = 172D0E5A1C36C268008C6682 /* Products */;
			projectDirPath = "";
			projectRoot = "";
			targets = (
				172D0E581C36C268008C6682 /* LinkinusaTravel */,
				172D0E6E1C36C268008C6682 /* LinkinusaTravelTests */,
				172D0E791C36C268008C6682 /* LinkinusaTravelUITests */,
			);
		};
/* End PBXProject section */

/* Begin PBXResourcesBuildPhase section */
		172D0E571C36C268008C6682 /* Resources */ = {
			isa = PBXResourcesBuildPhase;
			buildActionMask = 2147483647;
			files = (
				172D0E991C36DDCE008C6682 /* 1.png in Resources */,
				172D0E691C36C268008C6682 /* LaunchScreen.storyboard in Resources */,
				172D0E661C36C268008C6682 /* Assets.xcassets in Resources */,
				172D0E641C36C268008C6682 /* Main.storyboard in Resources */,
			);
			runOnlyForDeploymentPostprocessing = 0;
		};
		172D0E6D1C36C268008C6682 /* Resources */ = {
			isa = PBXResourcesBuildPhase;
			buildActionMask = 2147483647;
			files = (
			);
			runOnlyForDeploymentPostprocessing = 0;
		};
		172D0E781C36C268008C6682 /* Resources */ = {
			isa = PBXResourcesBuildPhase;
			buildActionMask = 2147483647;
			files = (
			);
			runOnlyForDeploymentPostprocessing = 0;
		};
/* End PBXResourcesBuildPhase section */

/* Begin PBXSourcesBuildPhase section */
		172D0E551C36C268008C6682 /* Sources */ = {
			isa = PBXSourcesBuildPhase;
			buildActionMask = 2147483647;
			files = (
				172D0E911C36CD8E008C6682 /* CustomTravelTableVC.swift in Sources */,
				172D0E5D1C36C268008C6682 /* AppDelegate.swift in Sources */,
				172D0E971C36DCFD008C6682 /* CustomTableViewCell.swift in Sources */,
				172D0E8F1C36CD5D008C6682 /* GroupTravelTableVC.swift in Sources */,
			);
			runOnlyForDeploymentPostprocessing = 0;
		};
		172D0E6B1C36C268008C6682 /* Sources */ = {
			isa = PBXSourcesBuildPhase;
			buildActionMask = 2147483647;
			files = (
				172D0E741C36C268008C6682 /* LinkinusaTravelTests.swift in Sources */,
			);
			runOnlyForDeploymentPostprocessing = 0;
		};
		172D0E761C36C268008C6682 /* Sources */ = {
			isa = PBXSourcesBuildPhase;
			buildActionMask = 2147483647;
			files = (
				172D0E7F1C36C268008C6682 /* LinkinusaTravelUITests.swift in Sources */,
			);
			runOnlyForDeploymentPostprocessing = 0;
		};
/* End PBXSourcesBuildPhase section */

/* Begin PBXTargetDependency section */
		172D0E711C36C268008C6682 /* PBXTargetDependency */ = {
			isa = PBXTargetDependency;
			target = 172D0E581C36C268008C6682 /* LinkinusaTravel */;
			targetProxy = 172D0E701C36C268008C6682 /* PBXContainerItemProxy */;
		};
		172D0E7C1C36C268008C6682 /* PBXTargetDependency */ = {
			isa = PBXTargetDependency;
			target = 172D0E581C36C268008C6682 /* LinkinusaTravel */;
			targetProxy = 172D0E7B1C36C268008C6682 /* PBXContainerItemProxy */;
		};
/* End PBXTargetDependency section */

/* Begin PBXVariantGroup section */
		172D0E621C36C268008C6682 /* Main.storyboard */ = {
			isa = PBXVariantGroup;
			children = (
				172D0E631C36C268008C6682 /* Base */,
			);
			name = Main.storyboard;
			sourceTree = "<group>";
		};
		172D0E671C36C268008C6682 /* LaunchScreen.storyboard */ = {
			isa = PBXVariantGroup;
			children = (
				172D0E681C36C268008C6682 /* Base */,
			);
			name = LaunchScreen.storyboard;
			sourceTree = "<group>";
		};
/* End PBXVariantGroup section */

/* Begin XCBuildConfiguration section */
		172D0E811C36C268008C6682 /* Debug */ = {
			isa = XCBuildConfiguration;
			buildSettings = {
				ALWAYS_SEARCH_USER_PATHS = NO;
				CLANG_CXX_LANGUAGE_STANDARD = "gnu++0x";
				CLANG_CXX_LIBRARY = "libc++";
				CLANG_ENABLE_MODULES = YES;
				CLANG_ENABLE_OBJC_ARC = YES;
				CLANG_WARN_BOOL_CONVERSION = YES;
				CLANG_WARN_CONSTANT_CONVERSION = YES;
				CLANG_WARN_DIRECT_OBJC_ISA_USAGE = YES_ERROR;
				CLANG_WARN_EMPTY_BODY = YES;
				CLANG_WARN_ENUM_CONVERSION = YES;
				CLANG_WARN_INT_CONVERSION = YES;
				CLANG_WARN_OBJC_ROOT_CLASS = YES_ERROR;
				CLANG_WARN_UNREACHABLE_CODE = YES;
				CLANG_WARN__DUPLICATE_METHOD_MATCH = YES;
				"CODE_SIGN_IDENTITY[sdk=iphoneos*]" = "iPhone Developer";
				COPY_PHASE_STRIP = NO;
				DEBUG_INFORMATION_FORMAT = dwarf;
				ENABLE_STRICT_OBJC_MSGSEND = YES;
				ENABLE_TESTABILITY = YES;
				GCC_C_LANGUAGE_STANDARD = gnu99;
				GCC_DYNAMIC_NO_PIC = NO;
				GCC_NO_COMMON_BLOCKS = YES;
				GCC_OPTIMIZATION_LEVEL = 0;
				GCC_PREPROCESSOR_DEFINITIONS = (
					"DEBUG=1",
					"$(inherited)",
				);
				GCC_WARN_64_TO_32_BIT_CONVERSION = YES;
				GCC_WARN_ABOUT_RETURN_TYPE = YES_ERROR;
				GCC_WARN_UNDECLARED_SELECTOR = YES;
				GCC_WARN_UNINITIALIZED_AUTOS = YES_AGGRESSIVE;
				GCC_WARN_UNUSED_FUNCTION = YES;
				GCC_WARN_UNUSED_VARIABLE = YES;
				IPHONEOS_DEPLOYMENT_TARGET = 9.2;
				MTL_ENABLE_DEBUG_INFO = YES;
				ONLY_ACTIVE_ARCH = YES;
				SDKROOT = iphoneos;
				SWIFT_OPTIMIZATION_LEVEL = "-Onone";
			};
			name = Debug;
		};
		172D0E821C36C268008C6682 /* Release */ = {
			isa = XCBuildConfiguration;
			buildSettings = {
				ALWAYS_SEARCH_USER_PATHS = NO;
				CLANG_CXX_LANGUAGE_STANDARD = "gnu++0x";
				CLANG_CXX_LIBRARY = "libc++";
				CLANG_ENABLE_MODULES = YES;
				CLANG_ENABLE_OBJC_ARC = YES;
				CLANG_WARN_BOOL_CONVERSION = YES;
				CLANG_WARN_CONSTANT_CONVERSION = YES;
				CLANG_WARN_DIRECT_OBJC_ISA_USAGE = YES_ERROR;
				CLANG_WARN_EMPTY_BODY = YES;
				CLANG_WARN_ENUM_CONVERSION = YES;
				CLANG_WARN_INT_CONVERSION = YES;
				CLANG_WARN_OBJC_ROOT_CLASS = YES_ERROR;
				CLANG_WARN_UNREACHABLE_CODE = YES;
				CLANG_WARN__DUPLICATE_METHOD_MATCH = YES;
				"CODE_SIGN_IDENTITY[sdk=iphoneos*]" = "iPhone Developer";
				COPY_PHASE_STRIP = NO;
				DEBUG_INFORMATION_FORMAT = "dwarf-with-dsym";
				ENABLE_NS_ASSERTIONS = NO;
				ENABLE_STRICT_OBJC_MSGSEND = YES;
				GCC_C_LANGUAGE_STANDARD = gnu99;
				GCC_NO_COMMON_BLOCKS = YES;
				GCC_WARN_64_TO_32_BIT_CONVERSION = YES;
				GCC_WARN_ABOUT_RETURN_TYPE = YES_ERROR;
				GCC_WARN_UNDECLARED_SELECTOR = YES;
				GCC_WARN_UNINITIALIZED_AUTOS = YES_AGGRESSIVE;
				GCC_WARN_UNUSED_FUNCTION = YES;
				GCC_WARN_UNUSED_VARIABLE = YES;
				IPHONEOS_DEPLOYMENT_TARGET = 9.2;
				MTL_ENABLE_DEBUG_INFO = NO;
				SDKROOT = iphoneos;
				VALIDATE_PRODUCT = YES;
			};
			name = Release;
		};
		172D0E841C36C268008C6682 /* Debug */ = {
			isa = XCBuildConfiguration;
			buildSettings = {
				ASSETCATALOG_COMPILER_APPICON_NAME = AppIcon;
				INFOPLIST_FILE = LinkinusaTravel/Info.plist;
				LD_RUNPATH_SEARCH_PATHS = "$(inherited) @executable_path/Frameworks";
				PRODUCT_BUNDLE_IDENTIFIER = linkinusa.LinkinusaTravel;
				PRODUCT_NAME = "$(TARGET_NAME)";
			};
			name = Debug;
		};
		172D0E851C36C268008C6682 /* Release */ = {
			isa = XCBuildConfiguration;
			buildSettings = {
				ASSETCATALOG_COMPILER_APPICON_NAME = AppIcon;
				INFOPLIST_FILE = LinkinusaTravel/Info.plist;
				LD_RUNPATH_SEARCH_PATHS = "$(inherited) @executable_path/Frameworks";
				PRODUCT_BUNDLE_IDENTIFIER = linkinusa.LinkinusaTravel;
				PRODUCT_NAME = "$(TARGET_NAME)";
			};
			name = Release;
		};
		172D0E871C36C268008C6682 /* Debug */ = {
			isa = XCBuildConfiguration;
			buildSettings = {
				BUNDLE_LOADER = "$(TEST_HOST)";
				INFOPLIST_FILE = LinkinusaTravelTests/Info.plist;
				LD_RUNPATH_SEARCH_PATHS = "$(inherited) @executable_path/Frameworks @loader_path/Frameworks";
				PRODUCT_BUNDLE_IDENTIFIER = linkinusa.LinkinusaTravelTests;
				PRODUCT_NAME = "$(TARGET_NAME)";
				TEST_HOST = "$(BUILT_PRODUCTS_DIR)/LinkinusaTravel.app/LinkinusaTravel";
			};
			name = Debug;
		};
		172D0E881C36C268008C6682 /* Release */ = {
			isa = XCBuildConfiguration;
			buildSettings = {
				BUNDLE_LOADER = "$(TEST_HOST)";
				INFOPLIST_FILE = LinkinusaTravelTests/Info.plist;
				LD_RUNPATH_SEARCH_PATHS = "$(inherited) @executable_path/Frameworks @loader_path/Frameworks";
				PRODUCT_BUNDLE_IDENTIFIER = linkinusa.LinkinusaTravelTests;
				PRODUCT_NAME = "$(TARGET_NAME)";
				TEST_HOST = "$(BUILT_PRODUCTS_DIR)/LinkinusaTravel.app/LinkinusaTravel";
			};
			name = Release;
		};
		172D0E8A1C36C268008C6682 /* Debug */ = {
			isa = XCBuildConfiguration;
			buildSettings = {
				INFOPLIST_FILE = LinkinusaTravelUITests/Info.plist;
				LD_RUNPATH_SEARCH_PATHS = "$(inherited) @executable_path/Frameworks @loader_path/Frameworks";
				PRODUCT_BUNDLE_IDENTIFIER = linkinusa.LinkinusaTravelUITests;
				PRODUCT_NAME = "$(TARGET_NAME)";
				TEST_TARGET_NAME = LinkinusaTravel;
				USES_XCTRUNNER = YES;
			};
			name = Debug;
		};
		172D0E8B1C36C268008C6682 /* Release */ = {
			isa = XCBuildConfiguration;
			buildSettings = {
				INFOPLIST_FILE = LinkinusaTravelUITests/Info.plist;
				LD_RUNPATH_SEARCH_PATHS = "$(inherited) @executable_path/Frameworks @loader_path/Frameworks";
				PRODUCT_BUNDLE_IDENTIFIER = linkinusa.LinkinusaTravelUITests;
				PRODUCT_NAME = "$(TARGET_NAME)";
				TEST_TARGET_NAME = LinkinusaTravel;
				USES_XCTRUNNER = YES;
			};
			name = Release;
		};
/* End XCBuildConfiguration section */

/* Begin XCConfigurationList section */
		172D0E541C36C268008C6682 /* Build configuration list for PBXProject "LinkinusaTravel" */ = {
			isa = XCConfigurationList;
			buildConfigurations = (
				172D0E811C36C268008C6682 /* Debug */,
				172D0E821C36C268008C6682 /* Release */,
			);
			defaultConfigurationIsVisible = 0;
			defaultConfigurationName = Release;
		};
		172D0E831C36C268008C6682 /* Build configuration list for PBXNativeTarget "LinkinusaTravel" */ = {
			isa = XCConfigurationList;
			buildConfigurations = (
				172D0E841C36C268008C6682 /* Debug */,
				172D0E851C36C268008C6682 /* Release */,
			);
			defaultConfigurationIsVisible = 0;
		};
		172D0E861C36C268008C6682 /* Build configuration list for PBXNativeTarget "LinkinusaTravelTests" */ = {
			isa = XCConfigurationList;
			buildConfigurations = (
				172D0E871C36C268008C6682 /* Debug */,
				172D0E881C36C268008C6682 /* Release */,
			);
			defaultConfigurationIsVisible = 0;
		};
		172D0E891C36C268008C6682 /* Build configuration list for PBXNativeTarget "LinkinusaTravelUITests" */ = {
			isa = XCConfigurationList;
			buildConfigurations = (
				172D0E8A1C36C268008C6682 /* Debug */,
				172D0E8B1C36C268008C6682 /* Release */,
			);
			defaultConfigurationIsVisible = 0;
		};
/* End XCConfigurationList section */
	};
	rootObject = 172D0E511C36C268008C6682 /* Project object */;
}
