// !$*UTF8*$!
{
	archiveVersion = 1;
	classes = {
	};
	objectVersion = 46;
	objects = {

/* Begin PBXBuildFile section */
		172C091C1C45FC990007FC37 /* 1.png in Resources */ = {isa = PBXBuildFile; fileRef = 172C091B1C45FC990007FC37 /* 1.png */; };
		172D0E5D1C36C268008C6682 /* AppDelegate.swift in Sources */ = {isa = PBXBuildFile; fileRef = 172D0E5C1C36C268008C6682 /* AppDelegate.swift */; };
		172D0E641C36C268008C6682 /* Main.storyboard in Resources */ = {isa = PBXBuildFile; fileRef = 172D0E621C36C268008C6682 /* Main.storyboard */; };
		172D0E661C36C268008C6682 /* Assets.xcassets in Resources */ = {isa = PBXBuildFile; fileRef = 172D0E651C36C268008C6682 /* Assets.xcassets */; };
		172D0E691C36C268008C6682 /* LaunchScreen.storyboard in Resources */ = {isa = PBXBuildFile; fileRef = 172D0E671C36C268008C6682 /* LaunchScreen.storyboard */; };
		172D0E741C36C268008C6682 /* LinkinusaTravelTests.swift in Sources */ = {isa = PBXBuildFile; fileRef = 172D0E731C36C268008C6682 /* LinkinusaTravelTests.swift */; };
		172D0E7F1C36C268008C6682 /* LinkinusaTravelUITests.swift in Sources */ = {isa = PBXBuildFile; fileRef = 172D0E7E1C36C268008C6682 /* LinkinusaTravelUITests.swift */; };
		172D0E8F1C36CD5D008C6682 /* GroupTravelTableVC.swift in Sources */ = {isa = PBXBuildFile; fileRef = 172D0E8E1C36CD5D008C6682 /* GroupTravelTableVC.swift */; };
		172D0E971C36DCFD008C6682 /* GroupTravelTableViewCell.swift in Sources */ = {isa = PBXBuildFile; fileRef = 172D0E961C36DCFD008C6682 /* GroupTravelTableViewCell.swift */; };
		173596A21C3E263F00B24D1C /* GroupDetailVC.swift in Sources */ = {isa = PBXBuildFile; fileRef = 173596A11C3E263F00B24D1C /* GroupDetailVC.swift */; };
		1756D7E11C42B3E9002B39BE /* GroupTravelModel.swift in Sources */ = {isa = PBXBuildFile; fileRef = 1756D7E01C42B3E9002B39BE /* GroupTravelModel.swift */; };
		17ECF04F1C3968DC00F3993F /* Bolts.framework in Frameworks */ = {isa = PBXBuildFile; fileRef = 17ECF0491C3968DC00F3993F /* Bolts.framework */; };
		17ECF0501C3968DC00F3993F /* Parse.framework in Frameworks */ = {isa = PBXBuildFile; fileRef = 17ECF04A1C3968DC00F3993F /* Parse.framework */; };
		17ECF0511C3968DC00F3993F /* ParseFacebookUtils.framework in Frameworks */ = {isa = PBXBuildFile; fileRef = 17ECF04B1C3968DC00F3993F /* ParseFacebookUtils.framework */; };
		17ECF0521C3968DC00F3993F /* ParseFacebookUtilsV4.framework in Frameworks */ = {isa = PBXBuildFile; fileRef = 17ECF04C1C3968DC00F3993F /* ParseFacebookUtilsV4.framework */; };
		17ECF0531C3968DC00F3993F /* ParseTwitterUtils.framework in Frameworks */ = {isa = PBXBuildFile; fileRef = 17ECF04D1C3968DC00F3993F /* ParseTwitterUtils.framework */; };
		17ECF0541C3968DC00F3993F /* ParseUI.framework in Frameworks */ = {isa = PBXBuildFile; fileRef = 17ECF04E1C3968DC00F3993F /* ParseUI.framework */; };
		17ECF0561C3969A500F3993F /* AudioToolbox.framework in Frameworks */ = {isa = PBXBuildFile; fileRef = 17ECF0551C3969A500F3993F /* AudioToolbox.framework */; };
		17ECF0581C3969AB00F3993F /* CFNetwork.framework in Frameworks */ = {isa = PBXBuildFile; fileRef = 17ECF0571C3969AB00F3993F /* CFNetwork.framework */; };
		17ECF05A1C3969B300F3993F /* CoreGraphics.framework in Frameworks */ = {isa = PBXBuildFile; fileRef = 17ECF0591C3969B300F3993F /* CoreGraphics.framework */; };
		17ECF05C1C3969B900F3993F /* CoreLocation.framework in Frameworks */ = {isa = PBXBuildFile; fileRef = 17ECF05B1C3969B900F3993F /* CoreLocation.framework */; };
		17ECF05E1C3969E500F3993F /* QuartzCore.framework in Frameworks */ = {isa = PBXBuildFile; fileRef = 17ECF05D1C3969E500F3993F /* QuartzCore.framework */; };
		17ECF0601C3969EC00F3993F /* Security.framework in Frameworks */ = {isa = PBXBuildFile; fileRef = 17ECF05F1C3969EC00F3993F /* Security.framework */; };
		17ECF0621C3969F200F3993F /* StoreKit.framework in Frameworks */ = {isa = PBXBuildFile; fileRef = 17ECF0611C3969F200F3993F /* StoreKit.framework */; };
		17ECF0641C3969F900F3993F /* SystemConfiguration.framework in Frameworks */ = {isa = PBXBuildFile; fileRef = 17ECF0631C3969F900F3993F /* SystemConfiguration.framework */; };
		17ECF0661C396A0100F3993F /* libz.tbd in Frameworks */ = {isa = PBXBuildFile; fileRef = 17ECF0651C396A0100F3993F /* libz.tbd */; };
		17ECF0681C396A0D00F3993F /* libsqlite3.tbd in Frameworks */ = {isa = PBXBuildFile; fileRef = 17ECF0671C396A0D00F3993F /* libsqlite3.tbd */; };
		17ECF06A1C3AD40900F3993F /* ParseFunctions.swift in Sources */ = {isa = PBXBuildFile; fileRef = 17ECF0691C3AD40900F3993F /* ParseFunctions.swift */; };
		17ECF06E1C3B3CAC00F3993F /* CustomTravelTableVC.swift in Sources */ = {isa = PBXBuildFile; fileRef = 17ECF06D1C3B3CAC00F3993F /* CustomTravelTableVC.swift */; };
/* End PBXBuildFile section */

/* Begin PBXContainerItemProxy section */
		172D0E701C36C268008C6682 /* PBXContainerItemProxy */ = {
			isa = PBXContainerItemProxy;
			containerPortal = 172D0E511C36C268008C6682 /* Project object */;
			proxyType = 1;
			remoteGlobalIDString = 172D0E581C36C268008C6682;
			remoteInfo = LinkinusaTravel;
		};
		172D0E7B1C36C268008C6682 /* PBXContainerItemProxy */ = {
			isa = PBXContainerItemProxy;
			containerPortal = 172D0E511C36C268008C6682 /* Project object */;
			proxyType = 1;
			remoteGlobalIDString = 172D0E581C36C268008C6682;
			remoteInfo = LinkinusaTravel;
		};
/* End PBXContainerItemProxy section */

/* Begin PBXFileReference section */
		172C091B1C45FC990007FC37 /* 1.png */ = {isa = PBXFileReference; lastKnownFileType = image.png; path = 1.png; sourceTree = "<group>"; };
		172D0E591C36C268008C6682 /* LinkinusaTravel.app */ = {isa = PBXFileReference; explicitFileType = wrapper.application; includeInIndex = 0; path = LinkinusaTravel.app; sourceTree = BUILT_PRODUCTS_DIR; };
		172D0E5C1C36C268008C6682 /* AppDelegate.swift */ = {isa = PBXFileReference; lastKnownFileType = sourcecode.swift; path = AppDelegate.swift; sourceTree = "<group>"; };
		172D0E631C36C268008C6682 /* Base */ = {isa = PBXFileReference; lastKnownFileType = file.storyboard; name = Base; path = Base.lproj/Main.storyboard; sourceTree = "<group>"; };
		172D0E651C36C268008C6682 /* Assets.xcassets */ = {isa = PBXFileReference; lastKnownFileType = folder.assetcatalog; path = Assets.xcassets; sourceTree = "<group>"; };
		172D0E681C36C268008C6682 /* Base */ = {isa = PBXFileReference; lastKnownFileType = file.storyboard; name = Base; path = Base.lproj/LaunchScreen.storyboard; sourceTree = "<group>"; };
		172D0E6A1C36C268008C6682 /* Info.plist */ = {isa = PBXFileReference; lastKnownFileType = text.plist.xml; path = Info.plist; sourceTree = "<group>"; };
		172D0E6F1C36C268008C6682 /* LinkinusaTravelTests.xctest */ = {isa = PBXFileReference; explicitFileType = wrapper.cfbundle; includeInIndex = 0; path = LinkinusaTravelTests.xctest; sourceTree = BUILT_PRODUCTS_DIR; };
		172D0E731C36C268008C6682 /* LinkinusaTravelTests.swift */ = {isa = PBXFileReference; lastKnownFileType = sourcecode.swift; path = LinkinusaTravelTests.swift; sourceTree = "<group>"; };
		172D0E751C36C268008C6682 /* Info.plist */ = {isa = PBXFileReference; lastKnownFileType = text.plist.xml; path = Info.plist; sourceTree = "<group>"; };
		172D0E7A1C36C268008C6682 /* LinkinusaTravelUITests.xctest */ = {isa = PBXFileReference; explicitFileType = wrapper.cfbundle; includeInIndex = 0; path = LinkinusaTravelUITests.xctest; sourceTree = BUILT_PRODUCTS_DIR; };
		172D0E7E1C36C268008C6682 /* LinkinusaTravelUITests.swift */ = {isa = PBXFileReference; lastKnownFileType = sourcecode.swift; path = LinkinusaTravelUITests.swift; sourceTree = "<group>"; };
		172D0E801C36C268008C6682 /* Info.plist */ = {isa = PBXFileReference; lastKnownFileType = text.plist.xml; path = Info.plist; sourceTree = "<group>"; };
		172D0E8E1C36CD5D008C6682 /* GroupTravelTableVC.swift */ = {isa = PBXFileReference; fileEncoding = 4; lastKnownFileType = sourcecode.swift; path = GroupTravelTableVC.swift; sourceTree = "<group>"; };
		172D0E961C36DCFD008C6682 /* GroupTravelTableViewCell.swift */ = {isa = PBXFileReference; fileEncoding = 4; lastKnownFileType = sourcecode.swift; path = GroupTravelTableViewCell.swift; sourceTree = "<group>"; };
		173596A11C3E263F00B24D1C /* GroupDetailVC.swift */ = {isa = PBXFileReference; fileEncoding = 4; lastKnownFileType = sourcecode.swift; path = GroupDetailVC.swift; sourceTree = "<group>"; };
		1756D7E01C42B3E9002B39BE /* GroupTravelModel.swift */ = {isa = PBXFileReference; fileEncoding = 4; lastKnownFileType = sourcecode.swift; path = GroupTravelModel.swift; sourceTree = "<group>"; };
		17ECF0491C3968DC00F3993F /* Bolts.framework */ = {isa = PBXFileReference; lastKnownFileType = wrapper.framework; name = Bolts.framework; path = Parse/Bolts.framework; sourceTree = "<group>"; };
		17ECF04A1C3968DC00F3993F /* Parse.framework */ = {isa = PBXFileReference; lastKnownFileType = wrapper.framework; name = Parse.framework; path = Parse/Parse.framework; sourceTree = "<group>"; };
		17ECF04B1C3968DC00F3993F /* ParseFacebookUtils.framework */ = {isa = PBXFileReference; lastKnownFileType = wrapper.framework; name = ParseFacebookUtils.framework; path = Parse/ParseFacebookUtils.framework; sourceTree = "<group>"; };
		17ECF04C1C3968DC00F3993F /* ParseFacebookUtilsV4.framework */ = {isa = PBXFileReference; lastKnownFileType = wrapper.framework; name = ParseFacebookUtilsV4.framework; path = Parse/ParseFacebookUtilsV4.framework; sourceTree = "<group>"; };
		17ECF04D1C3968DC00F3993F /* ParseTwitterUtils.framework */ = {isa = PBXFileReference; lastKnownFileType = wrapper.framework; name = ParseTwitterUtils.framework; path = Parse/ParseTwitterUtils.framework; sourceTree = "<group>"; };
		17ECF04E1C3968DC00F3993F /* ParseUI.framework */ = {isa = PBXFileReference; lastKnownFileType = wrapper.framework; name = ParseUI.framework; path = Parse/ParseUI.framework; sourceTree = "<group>"; };
		17ECF0551C3969A500F3993F /* AudioToolbox.framework */ = {isa = PBXFileReference; lastKnownFileType = wrapper.framework; name = AudioToolbox.framework; path = System/Library/Frameworks/AudioToolbox.framework; sourceTree = SDKROOT; };
		17ECF0571C3969AB00F3993F /* CFNetwork.framework */ = {isa = PBXFileReference; lastKnownFileType = wrapper.framework; name = CFNetwork.framework; path = System/Library/Frameworks/CFNetwork.framework; sourceTree = SDKROOT; };
		17ECF0591C3969B300F3993F /* CoreGraphics.framework */ = {isa = PBXFileReference; lastKnownFileType = wrapper.framework; name = CoreGraphics.framework; path = System/Library/Frameworks/CoreGraphics.framework; sourceTree = SDKROOT; };
		17ECF05B1C3969B900F3993F /* CoreLocation.framework */ = {isa = PBXFileReference; lastKnownFileType = wrapper.framework; name = CoreLocation.framework; path = System/Library/Frameworks/CoreLocation.framework; sourceTree = SDKROOT; };
		17ECF05D1C3969E500F3993F /* QuartzCore.framework */ = {isa = PBXFileReference; lastKnownFileType = wrapper.framework; name = QuartzCore.framework; path = System/Library/Frameworks/QuartzCore.framework; sourceTree = SDKROOT; };
		17ECF05F1C3969EC00F3993F /* Security.framework */ = {isa = PBXFileReference; lastKnownFileType = wrapper.framework; name = Security.framework; path = System/Library/Frameworks/Security.framework; sourceTree = SDKROOT; };
		17ECF0611C3969F200F3993F /* StoreKit.framework */ = {isa = PBXFileReference; lastKnownFileType = wrapper.framework; name = StoreKit.framework; path = System/Library/Frameworks/StoreKit.framework; sourceTree = SDKROOT; };
		17ECF0631C3969F900F3993F /* SystemConfiguration.framework */ = {isa = PBXFileReference; lastKnownFileType = wrapper.framework; name = SystemConfiguration.framework; path = System/Library/Frameworks/SystemConfiguration.framework; sourceTree = SDKROOT; };
		17ECF0651C396A0100F3993F /* libz.tbd */ = {isa = PBXFileReference; lastKnownFileType = "sourcecode.text-based-dylib-definition"; name = libz.tbd; path = usr/lib/libz.tbd; sourceTree = SDKROOT; };
		17ECF0671C396A0D00F3993F /* libsqlite3.tbd */ = {isa = PBXFileReference; lastKnownFileType = "sourcecode.text-based-dylib-definition"; name = libsqlite3.tbd; path = usr/lib/libsqlite3.tbd; sourceTree = SDKROOT; };
		17ECF0691C3AD40900F3993F /* ParseFunctions.swift */ = {isa = PBXFileReference; fileEncoding = 4; lastKnownFileType = sourcecode.swift; path = ParseFunctions.swift; sourceTree = "<group>"; };
		17ECF06D1C3B3CAC00F3993F /* CustomTravelTableVC.swift */ = {isa = PBXFileReference; fileEncoding = 4; lastKnownFileType = sourcecode.swift; path = CustomTravelTableVC.swift; sourceTree = "<group>"; };
/* End PBXFileReference section */

/* Begin PBXFrameworksBuildPhase section */
		172D0E561C36C268008C6682 /* Frameworks */ = {
			isa = PBXFrameworksBuildPhase;
			buildActionMask = 2147483647;
			files = (
				17ECF0681C396A0D00F3993F /* libsqlite3.tbd in Frameworks */,
				17ECF0661C396A0100F3993F /* libz.tbd in Frameworks */,
				17ECF0641C3969F900F3993F /* SystemConfiguration.framework in Frameworks */,
				17ECF0621C3969F200F3993F /* StoreKit.framework in Frameworks */,
				17ECF0601C3969EC00F3993F /* Security.framework in Frameworks */,
				17ECF05E1C3969E500F3993F /* QuartzCore.framework in Frameworks */,
				17ECF05C1C3969B900F3993F /* CoreLocation.framework in Frameworks */,
				17ECF05A1C3969B300F3993F /* CoreGraphics.framework in Frameworks */,
				17ECF0581C3969AB00F3993F /* CFNetwork.framework in Frameworks */,
				17ECF0561C3969A500F3993F /* AudioToolbox.framework in Frameworks */,
				17ECF0541C3968DC00F3993F /* ParseUI.framework in Frameworks */,
				17ECF0501C3968DC00F3993F /* Parse.framework in Frameworks */,
				17ECF04F1C3968DC00F3993F /* Bolts.framework in Frameworks */,
				17ECF0521C3968DC00F3993F /* ParseFacebookUtilsV4.framework in Frameworks */,
				17ECF0511C3968DC00F3993F /* ParseFacebookUtils.framework in Frameworks */,
				17ECF0531C3968DC00F3993F /* ParseTwitterUtils.framework in Frameworks */,
			);
			runOnlyForDeploymentPostprocessing = 0;
		};
		172D0E6C1C36C268008C6682 /* Frameworks */ = {
			isa = PBXFrameworksBuildPhase;
			buildActionMask = 2147483647;
			files = (
			);
			runOnlyForDeploymentPostprocessing = 0;
		};
		172D0E771C36C268008C6682 /* Frameworks */ = {
			isa = PBXFrameworksBuildPhase;
			buildActionMask = 2147483647;
			files = (
			);
			runOnlyForDeploymentPostprocessing = 0;
		};
/* End PBXFrameworksBuildPhase section */

/* Begin PBXGroup section */
		172D0E501C36C268008C6682 = {
			isa = PBXGroup;
			children = (
				17ECF03C1C39689600F3993F /* Frameworks */,
				172D0E5B1C36C268008C6682 /* LinkinusaTravel */,
				172D0E721C36C268008C6682 /* LinkinusaTravelTests */,
				172D0E7D1C36C268008C6682 /* LinkinusaTravelUITests */,
				172D0E5A1C36C268008C6682 /* Products */,
			);
			sourceTree = "<group>";
		};
		172D0E5A1C36C268008C6682 /* Products */ = {
			isa = PBXGroup;
			children = (
				172D0E591C36C268008C6682 /* LinkinusaTravel.app */,
				172D0E6F1C36C268008C6682 /* LinkinusaTravelTests.xctest */,
				172D0E7A1C36C268008C6682 /* LinkinusaTravelUITests.xctest */,
			);
			name = Products;
			sourceTree = "<group>";
		};
		172D0E5B1C36C268008C6682 /* LinkinusaTravel */ = {
			isa = PBXGroup;
			children = (
				17F8E6F91C40698A002B9A59 /* GroupDetailCellGroup */,
				172D0E5C1C36C268008C6682 /* AppDelegate.swift */,
				172D0E621C36C268008C6682 /* Main.storyboard */,
				172D0E8E1C36CD5D008C6682 /* GroupTravelTableVC.swift */,
				172D0E961C36DCFD008C6682 /* GroupTravelTableViewCell.swift */,
				1756D7E01C42B3E9002B39BE /* GroupTravelModel.swift */,
				173596A11C3E263F00B24D1C /* GroupDetailVC.swift */,
				17ECF06D1C3B3CAC00F3993F /* CustomTravelTableVC.swift */,
				17ECF0691C3AD40900F3993F /* ParseFunctions.swift */,
				172D0E651C36C268008C6682 /* Assets.xcassets */,
				172D0E671C36C268008C6682 /* LaunchScreen.storyboard */,
				172D0E6A1C36C268008C6682 /* Info.plist */,
				172C091B1C45FC990007FC37 /* 1.png */,
			);
			path = LinkinusaTravel;
			sourceTree = "<group>";
		};
		172D0E721C36C268008C6682 /* LinkinusaTravelTests */ = {
			isa = PBXGroup;
			children = (
				172D0E731C36C268008C6682 /* LinkinusaTravelTests.swift */,
				172D0E751C36C268008C6682 /* Info.plist */,
			);
			path = LinkinusaTravelTests;
			sourceTree = "<group>";
		};
		172D0E7D1C36C268008C6682 /* LinkinusaTravelUITests */ = {
			isa = PBXGroup;
			children = (
				172D0E7E1C36C268008C6682 /* LinkinusaTravelUITests.swift */,
				172D0E801C36C268008C6682 /* Info.plist */,
			);
			path = LinkinusaTravelUITests;
			sourceTree = "<group>";
		};
		17ECF03C1C39689600F3993F /* Frameworks */ = {
			isa = PBXGroup;
			children = (
				17ECF0671C396A0D00F3993F /* libsqlite3.tbd */,
				17ECF0651C396A0100F3993F /* libz.tbd */,
				17ECF0631C3969F900F3993F /* SystemConfiguration.framework */,
				17ECF0611C3969F200F3993F /* StoreKit.framework */,
				17ECF05F1C3969EC00F3993F /* Security.framework */,
				17ECF05D1C3969E500F3993F /* QuartzCore.framework */,
				17ECF05B1C3969B900F3993F /* CoreLocation.framework */,
				17ECF0591C3969B300F3993F /* CoreGraphics.framework */,
				17ECF0571C3969AB00F3993F /* CFNetwork.framework */,
				17ECF0551C3969A500F3993F /* AudioToolbox.framework */,
				17ECF0491C3968DC00F3993F /* Bolts.framework */,
				17ECF04A1C3968DC00F3993F /* Parse.framework */,
				17ECF04B1C3968DC00F3993F /* ParseFacebookUtils.framework */,
				17ECF04C1C3968DC00F3993F /* ParseFacebookUtilsV4.framework */,
				17ECF04D1C3968DC00F3993F /* ParseTwitterUtils.framework */,
				17ECF04E1C3968DC00F3993F /* ParseUI.framework */,
			);
			name = Frameworks;
			sourceTree = "<group>";
		};
		17F8E6F91C40698A002B9A59 /* GroupDetailCellGroup */ = {
			isa = PBXGroup;
			children = (
			);
			name = GroupDetailCellGroup;
			sourceTree = "<group>";
		};
/* End PBXGroup section */

/* Begin PBXNativeTarget section */
		172D0E581C36C268008C6682 /* LinkinusaTravel */ = {
			isa = PBXNativeTarget;
			buildConfigurationList = 172D0E831C36C268008C6682 /* Build configuration list for PBXNativeTarget "LinkinusaTravel" */;
			buildPhases = (
				172D0E551C36C268008C6682 /* Sources */,
				172D0E561C36C268008C6682 /* Frameworks */,
				172D0E571C36C268008C6682 /* Resources */,
			);
			buildRules = (
			);
			dependencies = (
			);
			name = LinkinusaTravel;
			productName = LinkinusaTravel;
			productReference = 172D0E591C36C268008C6682 /* LinkinusaTravel.app */;
			productType = "com.apple.product-type.application";
		};
		172D0E6E1C36C268008C6682 /* LinkinusaTravelTests */ = {
			isa = PBXNativeTarget;
			buildConfigurationList = 172D0E861C36C268008C6682 /* Build configuration list for PBXNativeTarget "LinkinusaTravelTests" */;
			buildPhases = (
				172D0E6B1C36C268008C6682 /* Sources */,
				172D0E6C1C36C268008C6682 /* Frameworks */,
				172D0E6D1C36C268008C6682 /* Resources */,
			);
			buildRules = (
			);
			dependencies = (
				172D0E711C36C268008C6682 /* PBXTargetDependency */,
			);
			name = LinkinusaTravelTests;
			productName = LinkinusaTravelTests;
			productReference = 172D0E6F1C36C268008C6682 /* LinkinusaTravelTests.xctest */;
			productType = "com.apple.product-type.bundle.unit-test";
		};
		172D0E791C36C268008C6682 /* LinkinusaTravelUITests */ = {
			isa = PBXNativeTarget;
			buildConfigurationList = 172D0E891C36C268008C6682 /* Build configuration list for PBXNativeTarget "LinkinusaTravelUITests" */;
			buildPhases = (
				172D0E761C36C268008C6682 /* Sources */,
				172D0E771C36C268008C6682 /* Frameworks */,
				172D0E781C36C268008C6682 /* Resources */,
			);
			buildRules = (
			);
			dependencies = (
				172D0E7C1C36C268008C6682 /* PBXTargetDependency */,
			);
			name = LinkinusaTravelUITests;
			productName = LinkinusaTravelUITests;
			productReference = 172D0E7A1C36C268008C6682 /* LinkinusaTravelUITests.xctest */;
			productType = "com.apple.product-type.bundle.ui-testing";
		};
/* End PBXNativeTarget section */

/* Begin PBXProject section */
		172D0E511C36C268008C6682 /* Project object */ = {
			isa = PBXProject;
			attributes = {
				LastSwiftUpdateCheck = 0720;
				LastUpgradeCheck = 0720;
				ORGANIZATIONNAME = Rean;
				TargetAttributes = {
					172D0E581C36C268008C6682 = {
						CreatedOnToolsVersion = 7.2;
					};
					172D0E6E1C36C268008C6682 = {
						CreatedOnToolsVersion = 7.2;
						TestTargetID = 172D0E581C36C268008C6682;
					};
					172D0E791C36C268008C6682 = {
						CreatedOnToolsVersion = 7.2;
						TestTargetID = 172D0E581C36C268008C6682;
					};
				};
			};
			buildConfigurationList = 172D0E541C36C268008C6682 /* Build configuration list for PBXProject "LinkinusaTravel" */;
			compatibilityVersion = "Xcode 3.2";
			developmentRegion = English;
			hasScannedForEncodings = 0;
			knownRegions = (
				en,
				Base,
			);
			mainGroup = 172D0E501C36C268008C6682;
			productRefGroup = 172D0E5A1C36C268008C6682 /* Products */;
			projectDirPath = "";
			projectRoot = "";
			targets = (
				172D0E581C36C268008C6682 /* LinkinusaTravel */,
				172D0E6E1C36C268008C6682 /* LinkinusaTravelTests */,
				172D0E791C36C268008C6682 /* LinkinusaTravelUITests */,
			);
		};
/* End PBXProject section */

/* Begin PBXResourcesBuildPhase section */
		172D0E571C36C268008C6682 /* Resources */ = {
			isa = PBXResourcesBuildPhase;
			buildActionMask = 2147483647;
			files = (
				172D0E691C36C268008C6682 /* LaunchScreen.storyboard in Resources */,
				172D0E661C36C268008C6682 /* Assets.xcassets in Resources */,
				172C091C1C45FC990007FC37 /* 1.png in Resources */,
				172D0E641C36C268008C6682 /* Main.storyboard in Resources */,
			);
			runOnlyForDeploymentPostprocessing = 0;
		};
		172D0E6D1C36C268008C6682 /* Resources */ = {
			isa = PBXResourcesBuildPhase;
			buildActionMask = 2147483647;
			files = (
			);
			runOnlyForDeploymentPostprocessing = 0;
		};
		172D0E781C36C268008C6682 /* Resources */ = {
			isa = PBXResourcesBuildPhase;
			buildActionMask = 2147483647;
			files = (
			);
			runOnlyForDeploymentPostprocessing = 0;
		};
/* End PBXResourcesBuildPhase section */

/* Begin PBXSourcesBuildPhase section */
		172D0E551C36C268008C6682 /* Sources */ = {
			isa = PBXSourcesBuildPhase;
			buildActionMask = 2147483647;
			files = (
				1756D7E11C42B3E9002B39BE /* GroupTravelModel.swift in Sources */,
				17ECF06A1C3AD40900F3993F /* ParseFunctions.swift in Sources */,
				172D0E5D1C36C268008C6682 /* AppDelegate.swift in Sources */,
				172D0E971C36DCFD008C6682 /* GroupTravelTableViewCell.swift in Sources */,
				173596A21C3E263F00B24D1C /* GroupDetailVC.swift in Sources */,
				17ECF06E1C3B3CAC00F3993F /* CustomTravelTableVC.swift in Sources */,
				172D0E8F1C36CD5D008C6682 /* GroupTravelTableVC.swift in Sources */,
			);
			runOnlyForDeploymentPostprocessing = 0;
		};
		172D0E6B1C36C268008C6682 /* Sources */ = {
			isa = PBXSourcesBuildPhase;
			buildActionMask = 2147483647;
			files = (
				172D0E741C36C268008C6682 /* LinkinusaTravelTests.swift in Sources */,
			);
			runOnlyForDeploymentPostprocessing = 0;
		};
		172D0E761C36C268008C6682 /* Sources */ = {
			isa = PBXSourcesBuildPhase;
			buildActionMask = 2147483647;
			files = (
				172D0E7F1C36C268008C6682 /* LinkinusaTravelUITests.swift in Sources */,
			);
			runOnlyForDeploymentPostprocessing = 0;
		};
/* End PBXSourcesBuildPhase section */

/* Begin PBXTargetDependency section */
		172D0E711C36C268008C6682 /* PBXTargetDependency */ = {
			isa = PBXTargetDependency;
			target = 172D0E581C36C268008C6682 /* LinkinusaTravel */;
			targetProxy = 172D0E701C36C268008C6682 /* PBXContainerItemProxy */;
		};
		172D0E7C1C36C268008C6682 /* PBXTargetDependency */ = {
			isa = PBXTargetDependency;
			target = 172D0E581C36C268008C6682 /* LinkinusaTravel */;
			targetProxy = 172D0E7B1C36C268008C6682 /* PBXContainerItemProxy */;
		};
/* End PBXTargetDependency section */

/* Begin PBXVariantGroup section */
		172D0E621C36C268008C6682 /* Main.storyboard */ = {
			isa = PBXVariantGroup;
			children = (
				172D0E631C36C268008C6682 /* Base */,
			);
			name = Main.storyboard;
			sourceTree = "<group>";
		};
		172D0E671C36C268008C6682 /* LaunchScreen.storyboard */ = {
			isa = PBXVariantGroup;
			children = (
				172D0E681C36C268008C6682 /* Base */,
			);
			name = LaunchScreen.storyboard;
			sourceTree = "<group>";
		};
/* End PBXVariantGroup section */

/* Begin XCBuildConfiguration section */
		172D0E811C36C268008C6682 /* Debug */ = {
			isa = XCBuildConfiguration;
			buildSettings = {
				ALWAYS_SEARCH_USER_PATHS = NO;
				CLANG_CXX_LANGUAGE_STANDARD = "gnu++0x";
				CLANG_CXX_LIBRARY = "libc++";
				CLANG_ENABLE_MODULES = YES;
				CLANG_ENABLE_OBJC_ARC = YES;
				CLANG_WARN_BOOL_CONVERSION = YES;
				CLANG_WARN_CONSTANT_CONVERSION = YES;
				CLANG_WARN_DIRECT_OBJC_ISA_USAGE = YES_ERROR;
				CLANG_WARN_EMPTY_BODY = YES;
				CLANG_WARN_ENUM_CONVERSION = YES;
				CLANG_WARN_INT_CONVERSION = YES;
				CLANG_WARN_OBJC_ROOT_CLASS = YES_ERROR;
				CLANG_WARN_UNREACHABLE_CODE = YES;
				CLANG_WARN__DUPLICATE_METHOD_MATCH = YES;
				"CODE_SIGN_IDENTITY[sdk=iphoneos*]" = "iPhone Developer";
				COPY_PHASE_STRIP = NO;
				DEBUG_INFORMATION_FORMAT = dwarf;
				ENABLE_STRICT_OBJC_MSGSEND = YES;
				ENABLE_TESTABILITY = YES;
				GCC_C_LANGUAGE_STANDARD = gnu99;
				GCC_DYNAMIC_NO_PIC = NO;
				GCC_NO_COMMON_BLOCKS = YES;
				GCC_OPTIMIZATION_LEVEL = 0;
				GCC_PREPROCESSOR_DEFINITIONS = (
					"DEBUG=1",
					"$(inherited)",
				);
				GCC_WARN_64_TO_32_BIT_CONVERSION = YES;
				GCC_WARN_ABOUT_RETURN_TYPE = YES_ERROR;
				GCC_WARN_UNDECLARED_SELECTOR = YES;
				GCC_WARN_UNINITIALIZED_AUTOS = YES_AGGRESSIVE;
				GCC_WARN_UNUSED_FUNCTION = YES;
				GCC_WARN_UNUSED_VARIABLE = YES;
				IPHONEOS_DEPLOYMENT_TARGET = 9.2;
				MTL_ENABLE_DEBUG_INFO = YES;
				ONLY_ACTIVE_ARCH = YES;
				SDKROOT = iphoneos;
				SWIFT_OPTIMIZATION_LEVEL = "-Onone";
			};
			name = Debug;
		};
		172D0E821C36C268008C6682 /* Release */ = {
			isa = XCBuildConfiguration;
			buildSettings = {
				ALWAYS_SEARCH_USER_PATHS = NO;
				CLANG_CXX_LANGUAGE_STANDARD = "gnu++0x";
				CLANG_CXX_LIBRARY = "libc++";
				CLANG_ENABLE_MODULES = YES;
				CLANG_ENABLE_OBJC_ARC = YES;
				CLANG_WARN_BOOL_CONVERSION = YES;
				CLANG_WARN_CONSTANT_CONVERSION = YES;
				CLANG_WARN_DIRECT_OBJC_ISA_USAGE = YES_ERROR;
				CLANG_WARN_EMPTY_BODY = YES;
				CLANG_WARN_ENUM_CONVERSION = YES;
				CLANG_WARN_INT_CONVERSION = YES;
				CLANG_WARN_OBJC_ROOT_CLASS = YES_ERROR;
				CLANG_WARN_UNREACHABLE_CODE = YES;
				CLANG_WARN__DUPLICATE_METHOD_MATCH = YES;
				"CODE_SIGN_IDENTITY[sdk=iphoneos*]" = "iPhone Developer";
				COPY_PHASE_STRIP = NO;
				DEBUG_INFORMATION_FORMAT = "dwarf-with-dsym";
				ENABLE_NS_ASSERTIONS = NO;
				ENABLE_STRICT_OBJC_MSGSEND = YES;
				GCC_C_LANGUAGE_STANDARD = gnu99;
				GCC_NO_COMMON_BLOCKS = YES;
				GCC_WARN_64_TO_32_BIT_CONVERSION = YES;
				GCC_WARN_ABOUT_RETURN_TYPE = YES_ERROR;
				GCC_WARN_UNDECLARED_SELECTOR = YES;
				GCC_WARN_UNINITIALIZED_AUTOS = YES_AGGRESSIVE;
				GCC_WARN_UNUSED_FUNCTION = YES;
				GCC_WARN_UNUSED_VARIABLE = YES;
				IPHONEOS_DEPLOYMENT_TARGET = 9.2;
				MTL_ENABLE_DEBUG_INFO = NO;
				SDKROOT = iphoneos;
				VALIDATE_PRODUCT = YES;
			};
			name = Release;
		};
		172D0E841C36C268008C6682 /* Debug */ = {
			isa = XCBuildConfiguration;
			buildSettings = {
				ASSETCATALOG_COMPILER_APPICON_NAME = AppIcon;
				FRAMEWORK_SEARCH_PATHS = (
					"$(inherited)",
					"$(PROJECT_DIR)",
					"$(PROJECT_DIR)/Parse",
				);
				INFOPLIST_FILE = LinkinusaTravel/Info.plist;
				LD_RUNPATH_SEARCH_PATHS = "$(inherited) @executable_path/Frameworks";
				PRODUCT_BUNDLE_IDENTIFIER = linkinusa.LinkinusaTravel;
				PRODUCT_NAME = "$(TARGET_NAME)";
			};
			name = Debug;
		};
		172D0E851C36C268008C6682 /* Release */ = {
			isa = XCBuildConfiguration;
			buildSettings = {
				ASSETCATALOG_COMPILER_APPICON_NAME = AppIcon;
				FRAMEWORK_SEARCH_PATHS = (
					"$(inherited)",
					"$(PROJECT_DIR)",
					"$(PROJECT_DIR)/Parse",
				);
				INFOPLIST_FILE = LinkinusaTravel/Info.plist;
				LD_RUNPATH_SEARCH_PATHS = "$(inherited) @executable_path/Frameworks";
				PRODUCT_BUNDLE_IDENTIFIER = linkinusa.LinkinusaTravel;
				PRODUCT_NAME = "$(TARGET_NAME)";
			};
			name = Release;
		};
		172D0E871C36C268008C6682 /* Debug */ = {
			isa = XCBuildConfiguration;
			buildSettings = {
				BUNDLE_LOADER = "$(TEST_HOST)";
				INFOPLIST_FILE = LinkinusaTravelTests/Info.plist;
				LD_RUNPATH_SEARCH_PATHS = "$(inherited) @executable_path/Frameworks @loader_path/Frameworks";
				PRODUCT_BUNDLE_IDENTIFIER = linkinusa.LinkinusaTravelTests;
				PRODUCT_NAME = "$(TARGET_NAME)";
				TEST_HOST = "$(BUILT_PRODUCTS_DIR)/LinkinusaTravel.app/LinkinusaTravel";
			};
			name = Debug;
		};
		172D0E881C36C268008C6682 /* Release */ = {
			isa = XCBuildConfiguration;
			buildSettings = {
				BUNDLE_LOADER = "$(TEST_HOST)";
				INFOPLIST_FILE = LinkinusaTravelTests/Info.plist;
				LD_RUNPATH_SEARCH_PATHS = "$(inherited) @executable_path/Frameworks @loader_path/Frameworks";
				PRODUCT_BUNDLE_IDENTIFIER = linkinusa.LinkinusaTravelTests;
				PRODUCT_NAME = "$(TARGET_NAME)";
				TEST_HOST = "$(BUILT_PRODUCTS_DIR)/LinkinusaTravel.app/LinkinusaTravel";
			};
			name = Release;
		};
		172D0E8A1C36C268008C6682 /* Debug */ = {
			isa = XCBuildConfiguration;
			buildSettings = {
				INFOPLIST_FILE = LinkinusaTravelUITests/Info.plist;
				LD_RUNPATH_SEARCH_PATHS = "$(inherited) @executable_path/Frameworks @loader_path/Frameworks";
				PRODUCT_BUNDLE_IDENTIFIER = linkinusa.LinkinusaTravelUITests;
				PRODUCT_NAME = "$(TARGET_NAME)";
				TEST_TARGET_NAME = LinkinusaTravel;
				USES_XCTRUNNER = YES;
			};
			name = Debug;
		};
		172D0E8B1C36C268008C6682 /* Release */ = {
			isa = XCBuildConfiguration;
			buildSettings = {
				INFOPLIST_FILE = LinkinusaTravelUITests/Info.plist;
				LD_RUNPATH_SEARCH_PATHS = "$(inherited) @executable_path/Frameworks @loader_path/Frameworks";
				PRODUCT_BUNDLE_IDENTIFIER = linkinusa.LinkinusaTravelUITests;
				PRODUCT_NAME = "$(TARGET_NAME)";
				TEST_TARGET_NAME = LinkinusaTravel;
				USES_XCTRUNNER = YES;
			};
			name = Release;
		};
/* End XCBuildConfiguration section */

/* Begin XCConfigurationList section */
		172D0E541C36C268008C6682 /* Build configuration list for PBXProject "LinkinusaTravel" */ = {
			isa = XCConfigurationList;
			buildConfigurations = (
				172D0E811C36C268008C6682 /* Debug */,
				172D0E821C36C268008C6682 /* Release */,
			);
			defaultConfigurationIsVisible = 0;
			defaultConfigurationName = Release;
		};
		172D0E831C36C268008C6682 /* Build configuration list for PBXNativeTarget "LinkinusaTravel" */ = {
			isa = XCConfigurationList;
			buildConfigurations = (
				172D0E841C36C268008C6682 /* Debug */,
				172D0E851C36C268008C6682 /* Release */,
			);
			defaultConfigurationIsVisible = 0;
			defaultConfigurationName = Release;
		};
		172D0E861C36C268008C6682 /* Build configuration list for PBXNativeTarget "LinkinusaTravelTests" */ = {
			isa = XCConfigurationList;
			buildConfigurations = (
				172D0E871C36C268008C6682 /* Debug */,
				172D0E881C36C268008C6682 /* Release */,
			);
			defaultConfigurationIsVisible = 0;
			defaultConfigurationName = Release;
		};
		172D0E891C36C268008C6682 /* Build configuration list for PBXNativeTarget "LinkinusaTravelUITests" */ = {
			isa = XCConfigurationList;
			buildConfigurations = (
				172D0E8A1C36C268008C6682 /* Debug */,
				172D0E8B1C36C268008C6682 /* Release */,
			);
			defaultConfigurationIsVisible = 0;
			defaultConfigurationName = Release;
		};
/* End XCConfigurationList section */
	};
	rootObject = 172D0E511C36C268008C6682 /* Project object */;
}
